
Microsoft Visual Studio Solution File, Format Version 12.00
# Visual Studio Version 17
VisualStudioVersion = 17.11.34929.205
MinimumVisualStudioVersion = 10.0.40219.1
Project("{FAE04EC0-301F-11D3-BF4B-00C04F79EFBC}") = "Assm5 oop", "Assm5 oop\Assm5 oop.csproj", "{F487E49E-BD37-4BD9-9BF9-72609C974209}"
EndProject
Global
	GlobalSection(SolutionConfigurationPlatforms) = preSolution
		Debug|Any CPU = Debug|Any CPU
		Release|Any CPU = Release|Any CPU
	EndGlobalSection
	GlobalSection(ProjectConfigurationPlatforms) = postSolution
		{F487E49E-BD37-4BD9-9BF9-72609C974209}.Debug|Any CPU.ActiveCfg = Debug|Any CPU
		{F487E49E-BD37-4BD9-9BF9-72609C974209}.Debug|Any CPU.Build.0 = Debug|Any CPU
		{F487E49E-BD37-4BD9-9BF9-72609C974209}.Release|Any CPU.ActiveCfg = Release|Any CPU
		{F487E49E-BD37-4BD9-9BF9-72609C974209}.Release|Any CPU.Build.0 = Release|Any CPU
	EndGlobalSection
	GlobalSection(SolutionProperties) = preSolution
		HideSolutionNode = FALSE
	EndGlobalSection
	GlobalSection(ExtensibilityGlobals) = postSolution
		SolutionGuid = {773D53DC-0628-4F00-9776-4637876EDB57}
	EndGlobalSection
EndGlobal
